
Microsoft Visual Studio Solution File, Format Version 12.00
# Visual Studio Version 17
VisualStudioVersion = 17.5.2.0
MinimumVisualStudioVersion = 10.0.40219.1
Project("{FAE04EC0-301F-11D3-BF4B-00C04F79EFBC}") = "BrowserConnect", "BrowserConnect.csproj", "{960BB8D5-1AF3-8895-06C8-F17E04B82246}"
EndProject
Project("{FAE04EC0-301F-11D3-BF4B-00C04F79EFBC}") = "BrowserConnect.Tests", "BrowserConnect.Tests\BrowserConnect.Tests.csproj", "{62DFDB96-2A55-4CA7-B8AC-EC0F42ADF245}"
EndProject
Global
	GlobalSection(SolutionConfigurationPlatforms) = preSolution
		Debug|Any CPU = Debug|Any CPU
		Debug|x64 = Debug|x64
		Debug|x86 = Debug|x86
		Release|Any CPU = Release|Any CPU
		Release|x64 = Release|x64
		Release|x86 = Release|x86
	EndGlobalSection
	GlobalSection(ProjectConfigurationPlatforms) = postSolution
		{960BB8D5-1AF3-8895-06C8-F17E04B82246}.Debug|Any CPU.ActiveCfg = Debug|Any CPU
		{960BB8D5-1AF3-8895-06C8-F17E04B82246}.Debug|Any CPU.Build.0 = Debug|Any CPU
		{960BB8D5-1AF3-8895-06C8-F17E04B82246}.Debug|x64.ActiveCfg = Debug|Any CPU
		{960BB8D5-1AF3-8895-06C8-F17E04B82246}.Debug|x64.Build.0 = Debug|Any CPU
		{960BB8D5-1AF3-8895-06C8-F17E04B82246}.Debug|x86.ActiveCfg = Debug|Any CPU
		{960BB8D5-1AF3-8895-06C8-F17E04B82246}.Debug|x86.Build.0 = Debug|Any CPU
		{960BB8D5-1AF3-8895-06C8-F17E04B82246}.Release|Any CPU.ActiveCfg = Release|Any CPU
		{960BB8D5-1AF3-8895-06C8-F17E04B82246}.Release|Any CPU.Build.0 = Release|Any CPU
		{960BB8D5-1AF3-8895-06C8-F17E04B82246}.Release|x64.ActiveCfg = Release|Any CPU
		{960BB8D5-1AF3-8895-06C8-F17E04B82246}.Release|x64.Build.0 = Release|Any CPU
		{960BB8D5-1AF3-8895-06C8-F17E04B82246}.Release|x86.ActiveCfg = Release|Any CPU
		{960BB8D5-1AF3-8895-06C8-F17E04B82246}.Release|x86.Build.0 = Release|Any CPU
		{62DFDB96-2A55-4CA7-B8AC-EC0F42ADF245}.Debug|Any CPU.ActiveCfg = Debug|Any CPU
		{62DFDB96-2A55-4CA7-B8AC-EC0F42ADF245}.Debug|Any CPU.Build.0 = Debug|Any CPU
		{62DFDB96-2A55-4CA7-B8AC-EC0F42ADF245}.Debug|x64.ActiveCfg = Debug|Any CPU
		{62DFDB96-2A55-4CA7-B8AC-EC0F42ADF245}.Debug|x64.Build.0 = Debug|Any CPU
		{62DFDB96-2A55-4CA7-B8AC-EC0F42ADF245}.Debug|x86.ActiveCfg = Debug|Any CPU
		{62DFDB96-2A55-4CA7-B8AC-EC0F42ADF245}.Debug|x86.Build.0 = Debug|Any CPU
		{62DFDB96-2A55-4CA7-B8AC-EC0F42ADF245}.Release|Any CPU.ActiveCfg = Release|Any CPU
		{62DFDB96-2A55-4CA7-B8AC-EC0F42ADF245}.Release|Any CPU.Build.0 = Release|Any CPU
		{62DFDB96-2A55-4CA7-B8AC-EC0F42ADF245}.Release|x64.ActiveCfg = Release|Any CPU
		{62DFDB96-2A55-4CA7-B8AC-EC0F42ADF245}.Release|x64.Build.0 = Release|Any CPU
		{62DFDB96-2A55-4CA7-B8AC-EC0F42ADF245}.Release|x86.ActiveCfg = Release|Any CPU
		{62DFDB96-2A55-4CA7-B8AC-EC0F42ADF245}.Release|x86.Build.0 = Release|Any CPU
	EndGlobalSection
	GlobalSection(SolutionProperties) = preSolution
		HideSolutionNode = FALSE
	EndGlobalSection
	GlobalSection(ExtensibilityGlobals) = postSolution
		SolutionGuid = {E2FA3A13-1020-46AE-9D61-2D874FFB67DE}
	EndGlobalSection
EndGlobal
